
Microsoft Visual Studio Solution File, Format Version 12.00
# Visual Studio 15
VisualStudioVersion = 15.0.28307.136
MinimumVisualStudioVersion = 10.0.40219.1
Project("{FAE04EC0-301F-11D3-BF4B-00C04F79EFBC}") = "Exercicio01-02", "Exercicio01-02\Exercicio01-02.csproj", "{AE0C37A3-5957-4E13-8AB2-5D9B2CDD1E3B}"
EndProject
Global
	GlobalSection(SolutionConfigurationPlatforms) = preSolution
		Debug|Any CPU = Debug|Any CPU
		Release|Any CPU = Release|Any CPU
	EndGlobalSection
	GlobalSection(ProjectConfigurationPlatforms) = postSolution
		{AE0C37A3-5957-4E13-8AB2-5D9B2CDD1E3B}.Debug|Any CPU.ActiveCfg = Debug|Any CPU
		{AE0C37A3-5957-4E13-8AB2-5D9B2CDD1E3B}.Debug|Any CPU.Build.0 = Debug|Any CPU
		{AE0C37A3-5957-4E13-8AB2-5D9B2CDD1E3B}.Release|Any CPU.ActiveCfg = Release|Any CPU
		{AE0C37A3-5957-4E13-8AB2-5D9B2CDD1E3B}.Release|Any CPU.Build.0 = Release|Any CPU
	EndGlobalSection
	GlobalSection(SolutionProperties) = preSolution
		HideSolutionNode = FALSE
	EndGlobalSection
	GlobalSection(ExtensibilityGlobals) = postSolution
		SolutionGuid = {F99F1CC1-5913-4277-8BD4-A89F7C98B787}
	EndGlobalSection
EndGlobal
