
Microsoft Visual Studio Solution File, Format Version 12.00
# Visual Studio 15
VisualStudioVersion = 15.0.28307.645
MinimumVisualStudioVersion = 10.0.40219.1
Project("{FAE04EC0-301F-11D3-BF4B-00C04F79EFBC}") = "ExercicioSecao6-03-02", "ExercicioSecao6-03-02\ExercicioSecao6-03-02.csproj", "{894BDB97-EE82-48AE-9A9E-1381CC8DEDB3}"
EndProject
Global
	GlobalSection(SolutionConfigurationPlatforms) = preSolution
		Debug|Any CPU = Debug|Any CPU
		Release|Any CPU = Release|Any CPU
	EndGlobalSection
	GlobalSection(ProjectConfigurationPlatforms) = postSolution
		{894BDB97-EE82-48AE-9A9E-1381CC8DEDB3}.Debug|Any CPU.ActiveCfg = Debug|Any CPU
		{894BDB97-EE82-48AE-9A9E-1381CC8DEDB3}.Debug|Any CPU.Build.0 = Debug|Any CPU
		{894BDB97-EE82-48AE-9A9E-1381CC8DEDB3}.Release|Any CPU.ActiveCfg = Release|Any CPU
		{894BDB97-EE82-48AE-9A9E-1381CC8DEDB3}.Release|Any CPU.Build.0 = Release|Any CPU
	EndGlobalSection
	GlobalSection(SolutionProperties) = preSolution
		HideSolutionNode = FALSE
	EndGlobalSection
	GlobalSection(ExtensibilityGlobals) = postSolution
		SolutionGuid = {18C12B02-CBBE-4F85-972F-06FE8120D970}
	EndGlobalSection
EndGlobal
