
Microsoft Visual Studio Solution File, Format Version 12.00
# Visual Studio 15
VisualStudioVersion = 15.0.28307.645
MinimumVisualStudioVersion = 10.0.40219.1
Project("{FAE04EC0-301F-11D3-BF4B-00C04F79EFBC}") = "ExercicioSecao6-03-01", "ExercicioSecao6-03-01\ExercicioSecao6-03-01.csproj", "{64E6CCAC-E4C5-4344-B918-7C03BEE67D17}"
EndProject
Global
	GlobalSection(SolutionConfigurationPlatforms) = preSolution
		Debug|Any CPU = Debug|Any CPU
		Release|Any CPU = Release|Any CPU
	EndGlobalSection
	GlobalSection(ProjectConfigurationPlatforms) = postSolution
		{64E6CCAC-E4C5-4344-B918-7C03BEE67D17}.Debug|Any CPU.ActiveCfg = Debug|Any CPU
		{64E6CCAC-E4C5-4344-B918-7C03BEE67D17}.Debug|Any CPU.Build.0 = Debug|Any CPU
		{64E6CCAC-E4C5-4344-B918-7C03BEE67D17}.Release|Any CPU.ActiveCfg = Release|Any CPU
		{64E6CCAC-E4C5-4344-B918-7C03BEE67D17}.Release|Any CPU.Build.0 = Release|Any CPU
	EndGlobalSection
	GlobalSection(SolutionProperties) = preSolution
		HideSolutionNode = FALSE
	EndGlobalSection
	GlobalSection(ExtensibilityGlobals) = postSolution
		SolutionGuid = {CC6D5117-46F5-4A82-A977-735E625C086E}
	EndGlobalSection
EndGlobal
