
Microsoft Visual Studio Solution File, Format Version 12.00
# Visual Studio 15
VisualStudioVersion = 15.0.28307.645
MinimumVisualStudioVersion = 10.0.40219.1
Project("{FAE04EC0-301F-11D3-BF4B-00C04F79EFBC}") = "ExerciciosSecao10-01-01", "ExerciciosSecao10-01-01\ExerciciosSecao10-01-01.csproj", "{00C7EF99-CAEC-470B-91D5-AD8100AC7AC8}"
EndProject
Global
	GlobalSection(SolutionConfigurationPlatforms) = preSolution
		Debug|Any CPU = Debug|Any CPU
		Release|Any CPU = Release|Any CPU
	EndGlobalSection
	GlobalSection(ProjectConfigurationPlatforms) = postSolution
		{00C7EF99-CAEC-470B-91D5-AD8100AC7AC8}.Debug|Any CPU.ActiveCfg = Debug|Any CPU
		{00C7EF99-CAEC-470B-91D5-AD8100AC7AC8}.Debug|Any CPU.Build.0 = Debug|Any CPU
		{00C7EF99-CAEC-470B-91D5-AD8100AC7AC8}.Release|Any CPU.ActiveCfg = Release|Any CPU
		{00C7EF99-CAEC-470B-91D5-AD8100AC7AC8}.Release|Any CPU.Build.0 = Release|Any CPU
	EndGlobalSection
	GlobalSection(SolutionProperties) = preSolution
		HideSolutionNode = FALSE
	EndGlobalSection
	GlobalSection(ExtensibilityGlobals) = postSolution
		SolutionGuid = {40E697CD-F77A-4662-931F-542E6FE1AB0C}
	EndGlobalSection
EndGlobal
