
Microsoft Visual Studio Solution File, Format Version 12.00
# Visual Studio 15
VisualStudioVersion = 15.0.28307.136
MinimumVisualStudioVersion = 10.0.40219.1
Project("{FAE04EC0-301F-11D3-BF4B-00C04F79EFBC}") = "Exercicio04-03", "Exercicio04-03\Exercicio04-03.csproj", "{733AD6AE-C015-457D-B383-42AF670730AA}"
EndProject
Global
	GlobalSection(SolutionConfigurationPlatforms) = preSolution
		Debug|Any CPU = Debug|Any CPU
		Release|Any CPU = Release|Any CPU
	EndGlobalSection
	GlobalSection(ProjectConfigurationPlatforms) = postSolution
		{733AD6AE-C015-457D-B383-42AF670730AA}.Debug|Any CPU.ActiveCfg = Debug|Any CPU
		{733AD6AE-C015-457D-B383-42AF670730AA}.Debug|Any CPU.Build.0 = Debug|Any CPU
		{733AD6AE-C015-457D-B383-42AF670730AA}.Release|Any CPU.ActiveCfg = Release|Any CPU
		{733AD6AE-C015-457D-B383-42AF670730AA}.Release|Any CPU.Build.0 = Release|Any CPU
	EndGlobalSection
	GlobalSection(SolutionProperties) = preSolution
		HideSolutionNode = FALSE
	EndGlobalSection
	GlobalSection(ExtensibilityGlobals) = postSolution
		SolutionGuid = {54180308-87CD-4E93-9877-33E97F707DBE}
	EndGlobalSection
EndGlobal
