
Microsoft Visual Studio Solution File, Format Version 12.00
# Visual Studio 15
VisualStudioVersion = 15.0.28307.645
MinimumVisualStudioVersion = 10.0.40219.1
Project("{FAE04EC0-301F-11D3-BF4B-00C04F79EFBC}") = "ExerciciosSecao16-04-01", "ExerciciosSecao16-04-01\ExerciciosSecao16-04-01.csproj", "{532FB446-6E95-4F2D-AF1E-9CD2AF774283}"
EndProject
Global
	GlobalSection(SolutionConfigurationPlatforms) = preSolution
		Debug|Any CPU = Debug|Any CPU
		Release|Any CPU = Release|Any CPU
	EndGlobalSection
	GlobalSection(ProjectConfigurationPlatforms) = postSolution
		{532FB446-6E95-4F2D-AF1E-9CD2AF774283}.Debug|Any CPU.ActiveCfg = Debug|Any CPU
		{532FB446-6E95-4F2D-AF1E-9CD2AF774283}.Debug|Any CPU.Build.0 = Debug|Any CPU
		{532FB446-6E95-4F2D-AF1E-9CD2AF774283}.Release|Any CPU.ActiveCfg = Release|Any CPU
		{532FB446-6E95-4F2D-AF1E-9CD2AF774283}.Release|Any CPU.Build.0 = Release|Any CPU
	EndGlobalSection
	GlobalSection(SolutionProperties) = preSolution
		HideSolutionNode = FALSE
	EndGlobalSection
	GlobalSection(ExtensibilityGlobals) = postSolution
		SolutionGuid = {3B6A8ADB-3F4D-45C3-9965-6A2E6D98B03A}
	EndGlobalSection
EndGlobal
