
Microsoft Visual Studio Solution File, Format Version 12.00
# Visual Studio 15
VisualStudioVersion = 15.0.28307.136
MinimumVisualStudioVersion = 10.0.40219.1
Project("{FAE04EC0-301F-11D3-BF4B-00C04F79EFBC}") = "ExercicioSecao4-01-02", "ExercicioSecao4-01-02\ExercicioSecao4-01-02.csproj", "{CF7E0A3D-B4C4-4372-BF00-07B19AAF13FA}"
EndProject
Global
	GlobalSection(SolutionConfigurationPlatforms) = preSolution
		Debug|Any CPU = Debug|Any CPU
		Release|Any CPU = Release|Any CPU
	EndGlobalSection
	GlobalSection(ProjectConfigurationPlatforms) = postSolution
		{CF7E0A3D-B4C4-4372-BF00-07B19AAF13FA}.Debug|Any CPU.ActiveCfg = Debug|Any CPU
		{CF7E0A3D-B4C4-4372-BF00-07B19AAF13FA}.Debug|Any CPU.Build.0 = Debug|Any CPU
		{CF7E0A3D-B4C4-4372-BF00-07B19AAF13FA}.Release|Any CPU.ActiveCfg = Release|Any CPU
		{CF7E0A3D-B4C4-4372-BF00-07B19AAF13FA}.Release|Any CPU.Build.0 = Release|Any CPU
	EndGlobalSection
	GlobalSection(SolutionProperties) = preSolution
		HideSolutionNode = FALSE
	EndGlobalSection
	GlobalSection(ExtensibilityGlobals) = postSolution
		SolutionGuid = {4A72B848-72C2-41AE-9D4E-2B243B8F1BF3}
	EndGlobalSection
EndGlobal
