
Microsoft Visual Studio Solution File, Format Version 12.00
# Visual Studio 15
VisualStudioVersion = 15.0.28307.645
MinimumVisualStudioVersion = 10.0.40219.1
Project("{FAE04EC0-301F-11D3-BF4B-00C04F79EFBC}") = "ExerciciosSecao14-01-01", "ExerciciosSecao14-01-01\ExerciciosSecao14-01-01.csproj", "{E6E35C52-25C2-446F-8BCB-5B90B2E4A79C}"
EndProject
Global
	GlobalSection(SolutionConfigurationPlatforms) = preSolution
		Debug|Any CPU = Debug|Any CPU
		Release|Any CPU = Release|Any CPU
	EndGlobalSection
	GlobalSection(ProjectConfigurationPlatforms) = postSolution
		{E6E35C52-25C2-446F-8BCB-5B90B2E4A79C}.Debug|Any CPU.ActiveCfg = Debug|Any CPU
		{E6E35C52-25C2-446F-8BCB-5B90B2E4A79C}.Debug|Any CPU.Build.0 = Debug|Any CPU
		{E6E35C52-25C2-446F-8BCB-5B90B2E4A79C}.Release|Any CPU.ActiveCfg = Release|Any CPU
		{E6E35C52-25C2-446F-8BCB-5B90B2E4A79C}.Release|Any CPU.Build.0 = Release|Any CPU
	EndGlobalSection
	GlobalSection(SolutionProperties) = preSolution
		HideSolutionNode = FALSE
	EndGlobalSection
	GlobalSection(ExtensibilityGlobals) = postSolution
		SolutionGuid = {40406440-A9DB-4189-9696-65DA6F38F279}
	EndGlobalSection
EndGlobal
