
Microsoft Visual Studio Solution File, Format Version 12.00
# Visual Studio 15
VisualStudioVersion = 15.0.28307.645
MinimumVisualStudioVersion = 10.0.40219.1
Project("{FAE04EC0-301F-11D3-BF4B-00C04F79EFBC}") = "ExerciciosSecao11-01-03", "ExerciciosSecao11-01-03\ExerciciosSecao11-01-03.csproj", "{ACBDC1D6-30AC-4E74-89D8-F7A4CEDC2AC7}"
EndProject
Global
	GlobalSection(SolutionConfigurationPlatforms) = preSolution
		Debug|Any CPU = Debug|Any CPU
		Release|Any CPU = Release|Any CPU
	EndGlobalSection
	GlobalSection(ProjectConfigurationPlatforms) = postSolution
		{ACBDC1D6-30AC-4E74-89D8-F7A4CEDC2AC7}.Debug|Any CPU.ActiveCfg = Debug|Any CPU
		{ACBDC1D6-30AC-4E74-89D8-F7A4CEDC2AC7}.Debug|Any CPU.Build.0 = Debug|Any CPU
		{ACBDC1D6-30AC-4E74-89D8-F7A4CEDC2AC7}.Release|Any CPU.ActiveCfg = Release|Any CPU
		{ACBDC1D6-30AC-4E74-89D8-F7A4CEDC2AC7}.Release|Any CPU.Build.0 = Release|Any CPU
	EndGlobalSection
	GlobalSection(SolutionProperties) = preSolution
		HideSolutionNode = FALSE
	EndGlobalSection
	GlobalSection(ExtensibilityGlobals) = postSolution
		SolutionGuid = {64ECB39C-1418-4F43-8B95-BC86A13DD27D}
	EndGlobalSection
EndGlobal
