
Microsoft Visual Studio Solution File, Format Version 12.00
# Visual Studio 15
VisualStudioVersion = 15.0.28307.136
MinimumVisualStudioVersion = 10.0.40219.1
Project("{FAE04EC0-301F-11D3-BF4B-00C04F79EFBC}") = "Exercicio04-01", "Exercicio04-01\Exercicio04-01.csproj", "{E992D822-18B1-4986-9BA5-F29B07081D79}"
EndProject
Global
	GlobalSection(SolutionConfigurationPlatforms) = preSolution
		Debug|Any CPU = Debug|Any CPU
		Release|Any CPU = Release|Any CPU
	EndGlobalSection
	GlobalSection(ProjectConfigurationPlatforms) = postSolution
		{E992D822-18B1-4986-9BA5-F29B07081D79}.Debug|Any CPU.ActiveCfg = Debug|Any CPU
		{E992D822-18B1-4986-9BA5-F29B07081D79}.Debug|Any CPU.Build.0 = Debug|Any CPU
		{E992D822-18B1-4986-9BA5-F29B07081D79}.Release|Any CPU.ActiveCfg = Release|Any CPU
		{E992D822-18B1-4986-9BA5-F29B07081D79}.Release|Any CPU.Build.0 = Release|Any CPU
	EndGlobalSection
	GlobalSection(SolutionProperties) = preSolution
		HideSolutionNode = FALSE
	EndGlobalSection
	GlobalSection(ExtensibilityGlobals) = postSolution
		SolutionGuid = {DBC1D03E-9877-437F-A2BC-D87CACF8271C}
	EndGlobalSection
EndGlobal
