
Microsoft Visual Studio Solution File, Format Version 12.00
# Visual Studio 15
VisualStudioVersion = 15.0.28307.136
MinimumVisualStudioVersion = 10.0.40219.1
Project("{FAE04EC0-301F-11D3-BF4B-00C04F79EFBC}") = "ExercicioSecao4-02-01", "ExercicioSecao4-02-01\ExercicioSecao4-02-01.csproj", "{C270A14D-96F9-49E4-A675-BE61BE8A9DEB}"
EndProject
Global
	GlobalSection(SolutionConfigurationPlatforms) = preSolution
		Debug|Any CPU = Debug|Any CPU
		Release|Any CPU = Release|Any CPU
	EndGlobalSection
	GlobalSection(ProjectConfigurationPlatforms) = postSolution
		{C270A14D-96F9-49E4-A675-BE61BE8A9DEB}.Debug|Any CPU.ActiveCfg = Debug|Any CPU
		{C270A14D-96F9-49E4-A675-BE61BE8A9DEB}.Debug|Any CPU.Build.0 = Debug|Any CPU
		{C270A14D-96F9-49E4-A675-BE61BE8A9DEB}.Release|Any CPU.ActiveCfg = Release|Any CPU
		{C270A14D-96F9-49E4-A675-BE61BE8A9DEB}.Release|Any CPU.Build.0 = Release|Any CPU
	EndGlobalSection
	GlobalSection(SolutionProperties) = preSolution
		HideSolutionNode = FALSE
	EndGlobalSection
	GlobalSection(ExtensibilityGlobals) = postSolution
		SolutionGuid = {54277323-D70E-4C2A-826B-0C3782F9E55B}
	EndGlobalSection
EndGlobal
