
Microsoft Visual Studio Solution File, Format Version 12.00
# Visual Studio 15
VisualStudioVersion = 15.0.28307.645
MinimumVisualStudioVersion = 10.0.40219.1
Project("{FAE04EC0-301F-11D3-BF4B-00C04F79EFBC}") = "ExerciciosSecao10-02-01", "ExerciciosSecao10-02-01\ExerciciosSecao10-02-01.csproj", "{AF25FDD4-D0AC-4664-ACA9-DE717795140C}"
EndProject
Global
	GlobalSection(SolutionConfigurationPlatforms) = preSolution
		Debug|Any CPU = Debug|Any CPU
		Release|Any CPU = Release|Any CPU
	EndGlobalSection
	GlobalSection(ProjectConfigurationPlatforms) = postSolution
		{AF25FDD4-D0AC-4664-ACA9-DE717795140C}.Debug|Any CPU.ActiveCfg = Debug|Any CPU
		{AF25FDD4-D0AC-4664-ACA9-DE717795140C}.Debug|Any CPU.Build.0 = Debug|Any CPU
		{AF25FDD4-D0AC-4664-ACA9-DE717795140C}.Release|Any CPU.ActiveCfg = Release|Any CPU
		{AF25FDD4-D0AC-4664-ACA9-DE717795140C}.Release|Any CPU.Build.0 = Release|Any CPU
	EndGlobalSection
	GlobalSection(SolutionProperties) = preSolution
		HideSolutionNode = FALSE
	EndGlobalSection
	GlobalSection(ExtensibilityGlobals) = postSolution
		SolutionGuid = {030572D1-1F8C-48EE-82D7-8FD41C8A45F6}
	EndGlobalSection
EndGlobal
