
Microsoft Visual Studio Solution File, Format Version 12.00
# Visual Studio 15
VisualStudioVersion = 15.0.28307.645
MinimumVisualStudioVersion = 10.0.40219.1
Project("{FAE04EC0-301F-11D3-BF4B-00C04F79EFBC}") = "ExerciciosSecao10-03-01", "ExerciciosSecao10-03-01\ExerciciosSecao10-03-01.csproj", "{498EDC07-2EDE-4C12-B5BF-E1C13B0D9309}"
EndProject
Global
	GlobalSection(SolutionConfigurationPlatforms) = preSolution
		Debug|Any CPU = Debug|Any CPU
		Release|Any CPU = Release|Any CPU
	EndGlobalSection
	GlobalSection(ProjectConfigurationPlatforms) = postSolution
		{498EDC07-2EDE-4C12-B5BF-E1C13B0D9309}.Debug|Any CPU.ActiveCfg = Debug|Any CPU
		{498EDC07-2EDE-4C12-B5BF-E1C13B0D9309}.Debug|Any CPU.Build.0 = Debug|Any CPU
		{498EDC07-2EDE-4C12-B5BF-E1C13B0D9309}.Release|Any CPU.ActiveCfg = Release|Any CPU
		{498EDC07-2EDE-4C12-B5BF-E1C13B0D9309}.Release|Any CPU.Build.0 = Release|Any CPU
	EndGlobalSection
	GlobalSection(SolutionProperties) = preSolution
		HideSolutionNode = FALSE
	EndGlobalSection
	GlobalSection(ExtensibilityGlobals) = postSolution
		SolutionGuid = {8F817787-C64D-4D92-B111-453D31F95AF7}
	EndGlobalSection
EndGlobal
