
Microsoft Visual Studio Solution File, Format Version 12.00
# Visual Studio 15
VisualStudioVersion = 15.0.28307.645
MinimumVisualStudioVersion = 10.0.40219.1
Project("{FAE04EC0-301F-11D3-BF4B-00C04F79EFBC}") = "ExerciciosSecao16-05-01", "ExerciciosSecao16-05-01\ExerciciosSecao16-05-01.csproj", "{A22733A5-0A1C-4443-8B65-C71FDB2750EB}"
EndProject
Global
	GlobalSection(SolutionConfigurationPlatforms) = preSolution
		Debug|Any CPU = Debug|Any CPU
		Release|Any CPU = Release|Any CPU
	EndGlobalSection
	GlobalSection(ProjectConfigurationPlatforms) = postSolution
		{A22733A5-0A1C-4443-8B65-C71FDB2750EB}.Debug|Any CPU.ActiveCfg = Debug|Any CPU
		{A22733A5-0A1C-4443-8B65-C71FDB2750EB}.Debug|Any CPU.Build.0 = Debug|Any CPU
		{A22733A5-0A1C-4443-8B65-C71FDB2750EB}.Release|Any CPU.ActiveCfg = Release|Any CPU
		{A22733A5-0A1C-4443-8B65-C71FDB2750EB}.Release|Any CPU.Build.0 = Release|Any CPU
	EndGlobalSection
	GlobalSection(SolutionProperties) = preSolution
		HideSolutionNode = FALSE
	EndGlobalSection
	GlobalSection(ExtensibilityGlobals) = postSolution
		SolutionGuid = {395FA68C-21AC-41CE-B8F7-0EBD8691E7E3}
	EndGlobalSection
EndGlobal
